
Microsoft Visual Studio Solution File, Format Version 12.00
# Visual Studio Version 16
VisualStudioVersion = 16.0.31025.194
MinimumVisualStudioVersion = 10.0.40219.1
Project("{FAE04EC0-301F-11D3-BF4B-00C04F79EFBC}") = "youtube-dl_GUI", "youtube-dl_GUI\youtube-dl_GUI.csproj", "{5AF72A3D-4875-41F8-B1BE-09AC634A9AAB}"
EndProject
Global
	GlobalSection(SolutionConfigurationPlatforms) = preSolution
		Debug|Any CPU = Debug|Any CPU
		Release|Any CPU = Release|Any CPU
	EndGlobalSection
	GlobalSection(ProjectConfigurationPlatforms) = postSolution
		{5AF72A3D-4875-41F8-B1BE-09AC634A9AAB}.Debug|Any CPU.ActiveCfg = Debug|Any CPU
		{5AF72A3D-4875-41F8-B1BE-09AC634A9AAB}.Debug|Any CPU.Build.0 = Debug|Any CPU
		{5AF72A3D-4875-41F8-B1BE-09AC634A9AAB}.Release|Any CPU.ActiveCfg = Release|Any CPU
		{5AF72A3D-4875-41F8-B1BE-09AC634A9AAB}.Release|Any CPU.Build.0 = Release|Any CPU
	EndGlobalSection
	GlobalSection(SolutionProperties) = preSolution
		HideSolutionNode = FALSE
	EndGlobalSection
	GlobalSection(ExtensibilityGlobals) = postSolution
		SolutionGuid = {20BD03FC-FB95-4D2E-ADE0-D205FEF7BE62}
	EndGlobalSection
EndGlobal
